{
  "name": "theme-vuebub",
  "version": "0.0.0",
  "lockfileVersion": 1,
  "requires": true,
  "dependencies": {
    "@slidev/types": {
      "version": "0.29.2",
      "resolved": "https://registry.npmjs.org/@slidev/types/-/types-0.29.2.tgz",
      "integrity": "sha512-8S7WCO1WTjFpjxIZxEgb+tn5XumpCAFcBVT01BI4N7g8rPYpWzMxKym/kSysCfti/VAYjtyX5ztx/HEzwtMiUw=="
    },
    "theme-vitesse": {
      "version": "0.1.14",
      "resolved": "https://registry.npmjs.org/theme-vitesse/-/theme-vitesse-0.1.14.tgz",
      "integrity": "sha512-b5s+Zpfaw5+djoCJ9AEbcTbpiTlLsOvGM9oblDmmWRGWNqg9oXtEYO/uwubwx77novHBI6zNuwZRHKNlAIBo4A=="
    }
  }
}
